
Microsoft Visual Studio Solution File, Format Version 12.00
Project("{2150E333-8FDC-42A3-9474-1A3956D46DE8}") = "src", "src", "{68623663-EAFF-42DD-9CFB-3FB839CDB15F}"
EndProject
Project("{2150E333-8FDC-42A3-9474-1A3956D46DE8}") = "API", "API", "{31767627-3770-4EA5-9A6A-38C082D39A09}"
EndProject
Project("{2150E333-8FDC-42A3-9474-1A3956D46DE8}") = "Common", "Common", "{6EA219C0-C887-405A-A168-B3F1705679F4}"
EndProject
Project("{2150E333-8FDC-42A3-9474-1A3956D46DE8}") = "Modules", "Modules", "{B1197F2D-8360-472A-9298-09E302C1AAAB}"
EndProject
Project("{FAE04EC0-301F-11D3-BF4B-00C04F79EFBC}") = "NextUni.Api", "src\API\NextUni.Api\NextUni.Api.csproj", "{3443DF87-7177-4438-8A67-043D41791CB2}"
EndProject
Project("{2150E333-8FDC-42A3-9474-1A3956D46DE8}") = "Solution Items", "Solution Items", "{CB1231D6-A446-46D2-B1D3-927B42A600AF}"
	ProjectSection(SolutionItems) = preProject
		compose.yaml = compose.yaml
	EndProjectSection
EndProject
Project("{FAE04EC0-301F-11D3-BF4B-00C04F79EFBC}") = "NextUni.Common.Domain", "src\Common\NextUni.Common.Domain\NextUni.Common.Domain.csproj", "{778FE1F4-8873-4214-817C-6822FEA79877}"
EndProject
Project("{FAE04EC0-301F-11D3-BF4B-00C04F79EFBC}") = "NextUni.Common.Api", "src\Common\NextUni.Common.Api\NextUni.Common.Api.csproj", "{D02BB598-D40E-4B7C-8523-3CBF90F59738}"
EndProject
Project("{FAE04EC0-301F-11D3-BF4B-00C04F79EFBC}") = "NextUni.Common.Application", "src\Common\NextUni.Common.Application\NextUni.Common.Application.csproj", "{F65F3683-4567-4D7B-B04E-3AE496A368E4}"
EndProject
Project("{FAE04EC0-301F-11D3-BF4B-00C04F79EFBC}") = "NextUni.Common.Infrastructure", "src\Common\NextUni.Common.Infrastructure\NextUni.Common.Infrastructure.csproj", "{4AF6ECC3-7A80-44BF-8139-11BE03BCE3C1}"
EndProject
Project("{2150E333-8FDC-42A3-9474-1A3956D46DE8}") = "Events", "Events", "{822FDA37-6110-43B0-B2CF-7E9953A098F0}"
EndProject
Project("{2150E333-8FDC-42A3-9474-1A3956D46DE8}") = "Contents", "Contents", "{0930E8D6-086A-46DC-AE92-F0AAC8417C36}"
EndProject
Project("{2150E333-8FDC-42A3-9474-1A3956D46DE8}") = "Academic", "Academic", "{3C4DC374-5960-4037-AFE5-77CF743AAB17}"
EndProject
Project("{2150E333-8FDC-42A3-9474-1A3956D46DE8}") = "Users", "Users", "{E859B888-1042-4D72-83C5-4F3594ECE05D}"
EndProject
Project("{FAE04EC0-301F-11D3-BF4B-00C04F79EFBC}") = "NextUni.Modules.Users.Domain", "src\Modules\Users\NextUni.Modules.Users.Domain\NextUni.Modules.Users.Domain.csproj", "{6FC0F2FD-91EE-4804-AD06-47037C33E43D}"
EndProject
Project("{FAE04EC0-301F-11D3-BF4B-00C04F79EFBC}") = "NextUni.Modules.Users.Application", "src\Modules\Users\NextUni.Modules.Users.Application\NextUni.Modules.Users.Application.csproj", "{E123A6AD-19EC-4902-B43A-A40F3AABF0B0}"
EndProject
Project("{FAE04EC0-301F-11D3-BF4B-00C04F79EFBC}") = "NextUni.Modules.Users.Api", "src\Modules\Users\NextUni.Modules.Users.Api\NextUni.Modules.Users.Api.csproj", "{A3704C6D-32F6-4E10-9D85-E9A685E797A9}"
EndProject
Project("{FAE04EC0-301F-11D3-BF4B-00C04F79EFBC}") = "NextUni.Modules.Users.Infrastructure", "src\Modules\Users\NextUni.Modules.Users.Infrastructure\NextUni.Modules.Users.Infrastructure.csproj", "{DC0D10E2-D998-4338-A853-04F33226A160}"
EndProject
Project("{FAE04EC0-301F-11D3-BF4B-00C04F79EFBC}") = "NextUni.Modules.Events.Domain", "src\Modules\Events\NextUni.Modules.Events.Domain\NextUni.Modules.Events.Domain.csproj", "{711C3FAD-B631-443F-A570-BDA397E79E16}"
EndProject
Project("{FAE04EC0-301F-11D3-BF4B-00C04F79EFBC}") = "NextUni.Modules.Contents.Domain", "src\Modules\Contents\NextUni.Modules.Contents.Domain\NextUni.Modules.Contents.Domain.csproj", "{B9561A66-24C2-487E-8B30-61266A7B3330}"
EndProject
Project("{FAE04EC0-301F-11D3-BF4B-00C04F79EFBC}") = "NextUni.Modules.Academic.Domain", "src\Modules\Academic\NextUni.Modules.Academic.Domain\NextUni.Modules.Academic.Domain.csproj", "{6FA79CCB-4165-4130-B97F-A07470FDF711}"
EndProject
Project("{FAE04EC0-301F-11D3-BF4B-00C04F79EFBC}") = "NextUni.Modules.Events.Application", "src\Modules\Events\NextUni.Modules.Events.Application\NextUni.Modules.Events.Application.csproj", "{76D1BA4B-8343-4351-A460-42AA707ADD75}"
EndProject
Project("{FAE04EC0-301F-11D3-BF4B-00C04F79EFBC}") = "NextUni.Modules.Events.Api", "src\Modules\Events\NextUni.Modules.Events.Api\NextUni.Modules.Events.Api.csproj", "{BE6F4A88-8FFB-407F-8B37-736792B6BB09}"
EndProject
Project("{FAE04EC0-301F-11D3-BF4B-00C04F79EFBC}") = "NextUni.Modules.Events.Infrastructure", "src\Modules\Events\NextUni.Modules.Events.Infrastructure\NextUni.Modules.Events.Infrastructure.csproj", "{FD9AC6AB-FFB7-4B41-BB5A-E1FDDDCDC991}"
EndProject
Project("{FAE04EC0-301F-11D3-BF4B-00C04F79EFBC}") = "NextUni.Modules.Contents.Application", "src\Modules\Contents\NextUni.Modules.Contents.Application\NextUni.Modules.Contents.Application.csproj", "{CF723F9B-A19B-42B4-85BA-C593E2791FE6}"
EndProject
Project("{FAE04EC0-301F-11D3-BF4B-00C04F79EFBC}") = "NextUni.Modules.Contents.Api", "src\Modules\Contents\NextUni.Modules.Contents.Api\NextUni.Modules.Contents.Api.csproj", "{DF007863-8480-4D8E-9D37-72478134AB3F}"
EndProject
Project("{FAE04EC0-301F-11D3-BF4B-00C04F79EFBC}") = "NextUni.Modules.Contents.Infrastructure", "src\Modules\Contents\NextUni.Modules.Contents.Infrastructure\NextUni.Modules.Contents.Infrastructure.csproj", "{4FA936F5-05EA-4FA9-8701-AA44A1E03501}"
EndProject
Project("{FAE04EC0-301F-11D3-BF4B-00C04F79EFBC}") = "NextUni.Modules.Academic.Application", "src\Modules\Academic\NextUni.Modules.Academic.Application\NextUni.Modules.Academic.Application.csproj", "{D2E817AA-B0A2-4FA8-B28B-805980EC6F10}"
EndProject
Project("{FAE04EC0-301F-11D3-BF4B-00C04F79EFBC}") = "NextUni.Modules.Academic.Api", "src\Modules\Academic\NextUni.Modules.Academic.Api\NextUni.Modules.Academic.Api.csproj", "{B42350FF-6DD1-4101-A546-6E7A22B5068B}"
EndProject
Project("{FAE04EC0-301F-11D3-BF4B-00C04F79EFBC}") = "NextUni.Modules.Academic.Infrastructure", "src\Modules\Academic\NextUni.Modules.Academic.Infrastructure\NextUni.Modules.Academic.Infrastructure.csproj", "{ABA46FAD-9120-4F30-A329-E1220A84C23E}"
EndProject
Project("{FAE04EC0-301F-11D3-BF4B-00C04F79EFBC}") = "NextUni.Modules.Users.IntegrationEvents", "src\Modules\Users\NextUni.Modules.Users.IntegrationEvents\NextUni.Modules.Users.IntegrationEvents.csproj", "{B7030106-D739-4BF8-9451-0F4185C2DC45}"
EndProject
Global
	GlobalSection(SolutionConfigurationPlatforms) = preSolution
		Debug|Any CPU = Debug|Any CPU
		Release|Any CPU = Release|Any CPU
	EndGlobalSection
	GlobalSection(NestedProjects) = preSolution
		{31767627-3770-4EA5-9A6A-38C082D39A09} = {68623663-EAFF-42DD-9CFB-3FB839CDB15F}
		{6EA219C0-C887-405A-A168-B3F1705679F4} = {68623663-EAFF-42DD-9CFB-3FB839CDB15F}
		{B1197F2D-8360-472A-9298-09E302C1AAAB} = {68623663-EAFF-42DD-9CFB-3FB839CDB15F}
		{3443DF87-7177-4438-8A67-043D41791CB2} = {31767627-3770-4EA5-9A6A-38C082D39A09}
		{778FE1F4-8873-4214-817C-6822FEA79877} = {6EA219C0-C887-405A-A168-B3F1705679F4}
		{D02BB598-D40E-4B7C-8523-3CBF90F59738} = {6EA219C0-C887-405A-A168-B3F1705679F4}
		{F65F3683-4567-4D7B-B04E-3AE496A368E4} = {6EA219C0-C887-405A-A168-B3F1705679F4}
		{4AF6ECC3-7A80-44BF-8139-11BE03BCE3C1} = {6EA219C0-C887-405A-A168-B3F1705679F4}
		{822FDA37-6110-43B0-B2CF-7E9953A098F0} = {B1197F2D-8360-472A-9298-09E302C1AAAB}
		{0930E8D6-086A-46DC-AE92-F0AAC8417C36} = {B1197F2D-8360-472A-9298-09E302C1AAAB}
		{3C4DC374-5960-4037-AFE5-77CF743AAB17} = {B1197F2D-8360-472A-9298-09E302C1AAAB}
		{E859B888-1042-4D72-83C5-4F3594ECE05D} = {B1197F2D-8360-472A-9298-09E302C1AAAB}
		{6FC0F2FD-91EE-4804-AD06-47037C33E43D} = {E859B888-1042-4D72-83C5-4F3594ECE05D}
		{E123A6AD-19EC-4902-B43A-A40F3AABF0B0} = {E859B888-1042-4D72-83C5-4F3594ECE05D}
		{A3704C6D-32F6-4E10-9D85-E9A685E797A9} = {E859B888-1042-4D72-83C5-4F3594ECE05D}
		{DC0D10E2-D998-4338-A853-04F33226A160} = {E859B888-1042-4D72-83C5-4F3594ECE05D}
		{711C3FAD-B631-443F-A570-BDA397E79E16} = {822FDA37-6110-43B0-B2CF-7E9953A098F0}
		{B9561A66-24C2-487E-8B30-61266A7B3330} = {0930E8D6-086A-46DC-AE92-F0AAC8417C36}
		{6FA79CCB-4165-4130-B97F-A07470FDF711} = {3C4DC374-5960-4037-AFE5-77CF743AAB17}
		{76D1BA4B-8343-4351-A460-42AA707ADD75} = {822FDA37-6110-43B0-B2CF-7E9953A098F0}
		{BE6F4A88-8FFB-407F-8B37-736792B6BB09} = {822FDA37-6110-43B0-B2CF-7E9953A098F0}
		{FD9AC6AB-FFB7-4B41-BB5A-E1FDDDCDC991} = {822FDA37-6110-43B0-B2CF-7E9953A098F0}
		{CF723F9B-A19B-42B4-85BA-C593E2791FE6} = {0930E8D6-086A-46DC-AE92-F0AAC8417C36}
		{DF007863-8480-4D8E-9D37-72478134AB3F} = {0930E8D6-086A-46DC-AE92-F0AAC8417C36}
		{4FA936F5-05EA-4FA9-8701-AA44A1E03501} = {0930E8D6-086A-46DC-AE92-F0AAC8417C36}
		{D2E817AA-B0A2-4FA8-B28B-805980EC6F10} = {3C4DC374-5960-4037-AFE5-77CF743AAB17}
		{B42350FF-6DD1-4101-A546-6E7A22B5068B} = {3C4DC374-5960-4037-AFE5-77CF743AAB17}
		{ABA46FAD-9120-4F30-A329-E1220A84C23E} = {3C4DC374-5960-4037-AFE5-77CF743AAB17}
		{B7030106-D739-4BF8-9451-0F4185C2DC45} = {E859B888-1042-4D72-83C5-4F3594ECE05D}
	EndGlobalSection
	GlobalSection(ProjectConfigurationPlatforms) = postSolution
		{3443DF87-7177-4438-8A67-043D41791CB2}.Debug|Any CPU.ActiveCfg = Debug|Any CPU
		{3443DF87-7177-4438-8A67-043D41791CB2}.Debug|Any CPU.Build.0 = Debug|Any CPU
		{3443DF87-7177-4438-8A67-043D41791CB2}.Release|Any CPU.ActiveCfg = Release|Any CPU
		{3443DF87-7177-4438-8A67-043D41791CB2}.Release|Any CPU.Build.0 = Release|Any CPU
		{778FE1F4-8873-4214-817C-6822FEA79877}.Debug|Any CPU.ActiveCfg = Debug|Any CPU
		{778FE1F4-8873-4214-817C-6822FEA79877}.Debug|Any CPU.Build.0 = Debug|Any CPU
		{778FE1F4-8873-4214-817C-6822FEA79877}.Release|Any CPU.ActiveCfg = Release|Any CPU
		{778FE1F4-8873-4214-817C-6822FEA79877}.Release|Any CPU.Build.0 = Release|Any CPU
		{D02BB598-D40E-4B7C-8523-3CBF90F59738}.Debug|Any CPU.ActiveCfg = Debug|Any CPU
		{D02BB598-D40E-4B7C-8523-3CBF90F59738}.Debug|Any CPU.Build.0 = Debug|Any CPU
		{D02BB598-D40E-4B7C-8523-3CBF90F59738}.Release|Any CPU.ActiveCfg = Release|Any CPU
		{D02BB598-D40E-4B7C-8523-3CBF90F59738}.Release|Any CPU.Build.0 = Release|Any CPU
		{F65F3683-4567-4D7B-B04E-3AE496A368E4}.Debug|Any CPU.ActiveCfg = Debug|Any CPU
		{F65F3683-4567-4D7B-B04E-3AE496A368E4}.Debug|Any CPU.Build.0 = Debug|Any CPU
		{F65F3683-4567-4D7B-B04E-3AE496A368E4}.Release|Any CPU.ActiveCfg = Release|Any CPU
		{F65F3683-4567-4D7B-B04E-3AE496A368E4}.Release|Any CPU.Build.0 = Release|Any CPU
		{4AF6ECC3-7A80-44BF-8139-11BE03BCE3C1}.Debug|Any CPU.ActiveCfg = Debug|Any CPU
		{4AF6ECC3-7A80-44BF-8139-11BE03BCE3C1}.Debug|Any CPU.Build.0 = Debug|Any CPU
		{4AF6ECC3-7A80-44BF-8139-11BE03BCE3C1}.Release|Any CPU.ActiveCfg = Release|Any CPU
		{4AF6ECC3-7A80-44BF-8139-11BE03BCE3C1}.Release|Any CPU.Build.0 = Release|Any CPU
		{6FC0F2FD-91EE-4804-AD06-47037C33E43D}.Debug|Any CPU.ActiveCfg = Debug|Any CPU
		{6FC0F2FD-91EE-4804-AD06-47037C33E43D}.Debug|Any CPU.Build.0 = Debug|Any CPU
		{6FC0F2FD-91EE-4804-AD06-47037C33E43D}.Release|Any CPU.ActiveCfg = Release|Any CPU
		{6FC0F2FD-91EE-4804-AD06-47037C33E43D}.Release|Any CPU.Build.0 = Release|Any CPU
		{E123A6AD-19EC-4902-B43A-A40F3AABF0B0}.Debug|Any CPU.ActiveCfg = Debug|Any CPU
		{E123A6AD-19EC-4902-B43A-A40F3AABF0B0}.Debug|Any CPU.Build.0 = Debug|Any CPU
		{E123A6AD-19EC-4902-B43A-A40F3AABF0B0}.Release|Any CPU.ActiveCfg = Release|Any CPU
		{E123A6AD-19EC-4902-B43A-A40F3AABF0B0}.Release|Any CPU.Build.0 = Release|Any CPU
		{A3704C6D-32F6-4E10-9D85-E9A685E797A9}.Debug|Any CPU.ActiveCfg = Debug|Any CPU
		{A3704C6D-32F6-4E10-9D85-E9A685E797A9}.Debug|Any CPU.Build.0 = Debug|Any CPU
		{A3704C6D-32F6-4E10-9D85-E9A685E797A9}.Release|Any CPU.ActiveCfg = Release|Any CPU
		{A3704C6D-32F6-4E10-9D85-E9A685E797A9}.Release|Any CPU.Build.0 = Release|Any CPU
		{DC0D10E2-D998-4338-A853-04F33226A160}.Debug|Any CPU.ActiveCfg = Debug|Any CPU
		{DC0D10E2-D998-4338-A853-04F33226A160}.Debug|Any CPU.Build.0 = Debug|Any CPU
		{DC0D10E2-D998-4338-A853-04F33226A160}.Release|Any CPU.ActiveCfg = Release|Any CPU
		{DC0D10E2-D998-4338-A853-04F33226A160}.Release|Any CPU.Build.0 = Release|Any CPU
		{711C3FAD-B631-443F-A570-BDA397E79E16}.Debug|Any CPU.ActiveCfg = Debug|Any CPU
		{711C3FAD-B631-443F-A570-BDA397E79E16}.Debug|Any CPU.Build.0 = Debug|Any CPU
		{711C3FAD-B631-443F-A570-BDA397E79E16}.Release|Any CPU.ActiveCfg = Release|Any CPU
		{711C3FAD-B631-443F-A570-BDA397E79E16}.Release|Any CPU.Build.0 = Release|Any CPU
		{B9561A66-24C2-487E-8B30-61266A7B3330}.Debug|Any CPU.ActiveCfg = Debug|Any CPU
		{B9561A66-24C2-487E-8B30-61266A7B3330}.Debug|Any CPU.Build.0 = Debug|Any CPU
		{B9561A66-24C2-487E-8B30-61266A7B3330}.Release|Any CPU.ActiveCfg = Release|Any CPU
		{B9561A66-24C2-487E-8B30-61266A7B3330}.Release|Any CPU.Build.0 = Release|Any CPU
		{6FA79CCB-4165-4130-B97F-A07470FDF711}.Debug|Any CPU.ActiveCfg = Debug|Any CPU
		{6FA79CCB-4165-4130-B97F-A07470FDF711}.Debug|Any CPU.Build.0 = Debug|Any CPU
		{6FA79CCB-4165-4130-B97F-A07470FDF711}.Release|Any CPU.ActiveCfg = Release|Any CPU
		{6FA79CCB-4165-4130-B97F-A07470FDF711}.Release|Any CPU.Build.0 = Release|Any CPU
		{76D1BA4B-8343-4351-A460-42AA707ADD75}.Debug|Any CPU.ActiveCfg = Debug|Any CPU
		{76D1BA4B-8343-4351-A460-42AA707ADD75}.Debug|Any CPU.Build.0 = Debug|Any CPU
		{76D1BA4B-8343-4351-A460-42AA707ADD75}.Release|Any CPU.ActiveCfg = Release|Any CPU
		{76D1BA4B-8343-4351-A460-42AA707ADD75}.Release|Any CPU.Build.0 = Release|Any CPU
		{BE6F4A88-8FFB-407F-8B37-736792B6BB09}.Debug|Any CPU.ActiveCfg = Debug|Any CPU
		{BE6F4A88-8FFB-407F-8B37-736792B6BB09}.Debug|Any CPU.Build.0 = Debug|Any CPU
		{BE6F4A88-8FFB-407F-8B37-736792B6BB09}.Release|Any CPU.ActiveCfg = Release|Any CPU
		{BE6F4A88-8FFB-407F-8B37-736792B6BB09}.Release|Any CPU.Build.0 = Release|Any CPU
		{FD9AC6AB-FFB7-4B41-BB5A-E1FDDDCDC991}.Debug|Any CPU.ActiveCfg = Debug|Any CPU
		{FD9AC6AB-FFB7-4B41-BB5A-E1FDDDCDC991}.Debug|Any CPU.Build.0 = Debug|Any CPU
		{FD9AC6AB-FFB7-4B41-BB5A-E1FDDDCDC991}.Release|Any CPU.ActiveCfg = Release|Any CPU
		{FD9AC6AB-FFB7-4B41-BB5A-E1FDDDCDC991}.Release|Any CPU.Build.0 = Release|Any CPU
		{CF723F9B-A19B-42B4-85BA-C593E2791FE6}.Debug|Any CPU.ActiveCfg = Debug|Any CPU
		{CF723F9B-A19B-42B4-85BA-C593E2791FE6}.Debug|Any CPU.Build.0 = Debug|Any CPU
		{CF723F9B-A19B-42B4-85BA-C593E2791FE6}.Release|Any CPU.ActiveCfg = Release|Any CPU
		{CF723F9B-A19B-42B4-85BA-C593E2791FE6}.Release|Any CPU.Build.0 = Release|Any CPU
		{DF007863-8480-4D8E-9D37-72478134AB3F}.Debug|Any CPU.ActiveCfg = Debug|Any CPU
		{DF007863-8480-4D8E-9D37-72478134AB3F}.Debug|Any CPU.Build.0 = Debug|Any CPU
		{DF007863-8480-4D8E-9D37-72478134AB3F}.Release|Any CPU.ActiveCfg = Release|Any CPU
		{DF007863-8480-4D8E-9D37-72478134AB3F}.Release|Any CPU.Build.0 = Release|Any CPU
		{4FA936F5-05EA-4FA9-8701-AA44A1E03501}.Debug|Any CPU.ActiveCfg = Debug|Any CPU
		{4FA936F5-05EA-4FA9-8701-AA44A1E03501}.Debug|Any CPU.Build.0 = Debug|Any CPU
		{4FA936F5-05EA-4FA9-8701-AA44A1E03501}.Release|Any CPU.ActiveCfg = Release|Any CPU
		{4FA936F5-05EA-4FA9-8701-AA44A1E03501}.Release|Any CPU.Build.0 = Release|Any CPU
		{D2E817AA-B0A2-4FA8-B28B-805980EC6F10}.Debug|Any CPU.ActiveCfg = Debug|Any CPU
		{D2E817AA-B0A2-4FA8-B28B-805980EC6F10}.Debug|Any CPU.Build.0 = Debug|Any CPU
		{D2E817AA-B0A2-4FA8-B28B-805980EC6F10}.Release|Any CPU.ActiveCfg = Release|Any CPU
		{D2E817AA-B0A2-4FA8-B28B-805980EC6F10}.Release|Any CPU.Build.0 = Release|Any CPU
		{B42350FF-6DD1-4101-A546-6E7A22B5068B}.Debug|Any CPU.ActiveCfg = Debug|Any CPU
		{B42350FF-6DD1-4101-A546-6E7A22B5068B}.Debug|Any CPU.Build.0 = Debug|Any CPU
		{B42350FF-6DD1-4101-A546-6E7A22B5068B}.Release|Any CPU.ActiveCfg = Release|Any CPU
		{B42350FF-6DD1-4101-A546-6E7A22B5068B}.Release|Any CPU.Build.0 = Release|Any CPU
		{ABA46FAD-9120-4F30-A329-E1220A84C23E}.Debug|Any CPU.ActiveCfg = Debug|Any CPU
		{ABA46FAD-9120-4F30-A329-E1220A84C23E}.Debug|Any CPU.Build.0 = Debug|Any CPU
		{ABA46FAD-9120-4F30-A329-E1220A84C23E}.Release|Any CPU.ActiveCfg = Release|Any CPU
		{ABA46FAD-9120-4F30-A329-E1220A84C23E}.Release|Any CPU.Build.0 = Release|Any CPU
		{B7030106-D739-4BF8-9451-0F4185C2DC45}.Debug|Any CPU.ActiveCfg = Debug|Any CPU
		{B7030106-D739-4BF8-9451-0F4185C2DC45}.Debug|Any CPU.Build.0 = Debug|Any CPU
		{B7030106-D739-4BF8-9451-0F4185C2DC45}.Release|Any CPU.ActiveCfg = Release|Any CPU
		{B7030106-D739-4BF8-9451-0F4185C2DC45}.Release|Any CPU.Build.0 = Release|Any CPU
	EndGlobalSection
EndGlobal
